
Microsoft Visual Studio Solution File, Format Version 12.00
# Visual Studio Version 16
VisualStudioVersion = 16.0.30804.86
MinimumVisualStudioVersion = 10.0.40219.1
Project("{FAE04EC0-301F-11D3-BF4B-00C04F79EFBC}") = "GameHomework", "GameHomework\GameHomework.csproj", "{A50C55D4-F492-4433-B32C-15962B671E29}"
EndProject
Global
	GlobalSection(SolutionConfigurationPlatforms) = preSolution
		Debug|Any CPU = Debug|Any CPU
		Release|Any CPU = Release|Any CPU
	EndGlobalSection
	GlobalSection(ProjectConfigurationPlatforms) = postSolution
		{A50C55D4-F492-4433-B32C-15962B671E29}.Debug|Any CPU.ActiveCfg = Debug|Any CPU
		{A50C55D4-F492-4433-B32C-15962B671E29}.Debug|Any CPU.Build.0 = Debug|Any CPU
		{A50C55D4-F492-4433-B32C-15962B671E29}.Release|Any CPU.ActiveCfg = Release|Any CPU
		{A50C55D4-F492-4433-B32C-15962B671E29}.Release|Any CPU.Build.0 = Release|Any CPU
	EndGlobalSection
	GlobalSection(SolutionProperties) = preSolution
		HideSolutionNode = FALSE
	EndGlobalSection
	GlobalSection(ExtensibilityGlobals) = postSolution
		SolutionGuid = {5338FDF7-BA7C-45FD-B4F3-CCED027D8172}
	EndGlobalSection
EndGlobal
